{
  "nodes": {
    "auto-save-nvim": {
      "flake": false,
      "locked": {
        "lastModified": 1690468246,
        "narHash": "sha256-spPP5ShnPYhveLqpp9FfOBl7kEVLskLbgpmf/QqUEAM=",
        "owner": "okuuva",
        "repo": "auto-save.nvim",
        "rev": "610e72307d675fcc15098c5a435ad89e45aaf855",
        "type": "github"
      },
      "original": {
        "owner": "okuuva",
        "repo": "auto-save.nvim",
        "type": "github"
      }
    },
    "bufferline-nvim": {
      "flake": false,
      "locked": {
        "lastModified": 1695205521,
        "narHash": "sha256-MQMpXMgUpZA0E9TunzjXeOQxDWSCTogXbvi9VJnv4Kw=",
        "owner": "akinsho",
        "repo": "bufferline.nvim",
        "rev": "6ecd37e0fa8b156099daedd2191130e083fb1490",
        "type": "github"
      },
      "original": {
        "owner": "akinsho",
        "repo": "bufferline.nvim",
        "type": "github"
      }
    },
    "comment-nvim": {
      "flake": false,
      "locked": {
        "lastModified": 1691409559,
        "narHash": "sha256-+dF1ZombrlO6nQggufSb0igXW5zwU++o0W/5ZA07cdc=",
        "owner": "numToStr",
        "repo": "comment.nvim",
        "rev": "0236521ea582747b58869cb72f70ccfa967d2e89",
        "type": "github"
      },
      "original": {
        "owner": "numToStr",
        "repo": "comment.nvim",
        "type": "github"
      }
    },
    "darwin": {
      "inputs": {
        "nixpkgs": [
          "nixpkgs"
        ]
      },
      "locked": {
        "lastModified": 1695686713,
        "narHash": "sha256-rJATx5B/nwlBpt7CJUf85LV27qWPbul5UVV8fu6ABPg=",
        "owner": "LnL7",
        "repo": "nix-darwin",
        "rev": "e236a1e598a9a59265897948ac9874c364b9555f",
        "type": "github"
      },
      "original": {
        "owner": "LnL7",
        "repo": "nix-darwin",
        "type": "github"
      }
    },
    "doomemacs": {
      "flake": false,
      "locked": {
        "lastModified": 1695417511,
        "narHash": "sha256-WfAclTOfTSJglNe7Z+pVxFBQokD37Be6W9a3LoLN6Rk=",
        "owner": "doomemacs",
        "repo": "doomemacs",
        "rev": "844a82c4a0cacbb5a1aa558c88675ba1a9ee80a3",
        "type": "github"
      },
      "original": {
        "owner": "doomemacs",
        "repo": "doomemacs",
        "type": "github"
      }
    },
    "emacs-overlay": {
      "inputs": {
        "flake-utils": "flake-utils",
        "nixpkgs": [
          "nixpkgs"
        ],
        "nixpkgs-stable": "nixpkgs-stable"
      },
      "locked": {
        "lastModified": 1696357822,
        "narHash": "sha256-wAXP7mk5zJ2sIW9cH1Oxf/f1AY3jtAgLFwvQMvJ9o4s=",
        "owner": "nix-community",
        "repo": "emacs-overlay",
        "rev": "d88c1d26a6874ab9ef657753e170bbcee7506ce1",
        "type": "github"
      },
      "original": {
        "owner": "nix-community",
        "repo": "emacs-overlay",
        "type": "github"
      }
    },
    "fenix": {
      "inputs": {
        "nixpkgs": [
          "nixpkgs"
        ],
        "rust-analyzer-src": "rust-analyzer-src"
      },
      "locked": {
        "lastModified": 1695882118,
        "narHash": "sha256-hRJn6+hgRl3lGhhkHyDSJJtTv566PDlwR1kJ/ORDABI=",
        "owner": "nix-community",
        "repo": "fenix",
        "rev": "8fd2f98fdf23c372cbac5a4ab79a02541f0bd475",
        "type": "github"
      },
      "original": {
        "owner": "nix-community",
        "repo": "fenix",
        "type": "github"
      }
    },
    "flake-parts": {
      "inputs": {
        "nixpkgs-lib": "nixpkgs-lib"
      },
      "locked": {
        "lastModified": 1685662779,
        "narHash": "sha256-cKDDciXGpMEjP1n6HlzKinN0H+oLmNpgeCTzYnsA2po=",
        "owner": "hercules-ci",
        "repo": "flake-parts",
        "rev": "71fb97f0d875fd4de4994dfb849f2c75e17eb6c3",
        "type": "github"
      },
      "original": {
        "owner": "hercules-ci",
        "repo": "flake-parts",
        "type": "github"
      }
    },
    "flake-utils": {
      "inputs": {
        "systems": "systems"
      },
      "locked": {
        "lastModified": 1694529238,
        "narHash": "sha256-zsNZZGTGnMOf9YpHKJqMSsa0dXbfmxeoJ7xHlrt+xmY=",
        "owner": "numtide",
        "repo": "flake-utils",
        "rev": "ff7b65b44d01cf9ba6a71320833626af21126384",
        "type": "github"
      },
      "original": {
        "owner": "numtide",
        "repo": "flake-utils",
        "type": "github"
      }
    },
    "home-manager": {
      "inputs": {
        "nixpkgs": [
          "nixpkgs"
        ]
      },
      "locked": {
        "lastModified": 1695738267,
        "narHash": "sha256-LTNAbTQ96xSj17xBfsFrFS9i56U2BMLpD0BduhrsVkU=",
        "owner": "nix-community",
        "repo": "home-manager",
        "rev": "0f4e5b4999fd6a42ece5da8a3a2439a50e48e486",
        "type": "github"
      },
      "original": {
        "owner": "nix-community",
        "repo": "home-manager",
        "type": "github"
      }
    },
    "mkAlias": {
      "inputs": {
        "nixpkgs": [
          "nixpkgs"
        ]
      },
      "locked": {
        "lastModified": 1678761502,
        "narHash": "sha256-tL3C/b2BPOGQpV287wECDCDWmKwwPvezAAN3qz7N07M=",
        "owner": "reckenrode",
        "repo": "mkAlias",
        "rev": "8a5478cdb646f137ebc53cb9d235f8e5892ea00a",
        "type": "github"
      },
      "original": {
        "owner": "reckenrode",
        "repo": "mkAlias",
        "type": "github"
      }
    },
    "neo-tree-nvim": {
      "flake": false,
      "locked": {
        "lastModified": 1695146792,
        "narHash": "sha256-Mwrwo54j9e9/mcqKfO/ar+RoCIoPO5ZiIA62qpTxXOg=",
        "owner": "nvim-neo-tree",
        "repo": "neo-tree.nvim",
        "rev": "71f1841ba6c652908678cece623f52c1fea8a6cd",
        "type": "github"
      },
      "original": {
        "owner": "nvim-neo-tree",
        "ref": "v3.x",
        "repo": "neo-tree.nvim",
        "type": "github"
      }
    },
    "neoscroll-nvim": {
      "flake": false,
      "locked": {
        "lastModified": 1691664967,
        "narHash": "sha256-4nhsl/zi0JyuPFCpqfQt5nDw5VzQ/cc21mIt7n6vbuU=",
        "owner": "karb94",
        "repo": "neoscroll.nvim",
        "rev": "4bc0212e9f2a7bc7fe7a6bceb15b33e39f0f41fb",
        "type": "github"
      },
      "original": {
        "owner": "karb94",
        "repo": "neoscroll.nvim",
        "type": "github"
      }
    },
    "nix-index-db": {
      "inputs": {
        "nixpkgs": [
          "nixpkgs"
        ]
      },
      "locked": {
        "lastModified": 1695526222,
        "narHash": "sha256-/NwZz3QcVplrfiDKk1thYg1EIHLSNucVHNUi2uwO3RI=",
        "owner": "Mic92",
        "repo": "nix-index-database",
        "rev": "25d6369c232bbea1ec1f90226fd17982e7a0a647",
        "type": "github"
      },
      "original": {
        "owner": "Mic92",
        "repo": "nix-index-database",
        "type": "github"
      }
    },
    "nixd": {
      "inputs": {
        "flake-parts": "flake-parts",
        "nixpkgs": [
          "nixpkgs"
        ]
      },
      "locked": {
        "lastModified": 1697038389,
        "narHash": "sha256-hbzFPXyQQxJObRdb+CsylUXii29UfFV7866WWgWYs6Y=",
        "owner": "nix-community",
        "repo": "nixd",
        "rev": "29904e121cc775e7caaf4fffa6bc7da09376a43b",
        "type": "github"
      },
      "original": {
        "owner": "nix-community",
        "repo": "nixd",
        "type": "github"
      }
    },
    "nixpkgs": {
      "locked": {
        "lastModified": 1696165369,
        "narHash": "sha256-pd1cjFHCoEf9q5f9B0HhlOwwpBI9RP3HbUE6xjI7wAI=",
        "owner": "nixos",
        "repo": "nixpkgs",
        "rev": "d7186d62bb68fac3c90f1d95515e613ef299e992",
        "type": "github"
      },
      "original": {
        "owner": "nixos",
        "ref": "nixpkgs-unstable",
        "repo": "nixpkgs",
        "type": "github"
      }
    },
    "nixpkgs-lib": {
      "locked": {
        "dir": "lib",
        "lastModified": 1685564631,
        "narHash": "sha256-8ywr3AkblY4++3lIVxmrWZFzac7+f32ZEhH/A8pNscI=",
        "owner": "NixOS",
        "repo": "nixpkgs",
        "rev": "4f53efe34b3a8877ac923b9350c874e3dcd5dc0a",
        "type": "github"
      },
      "original": {
        "dir": "lib",
        "owner": "NixOS",
        "ref": "nixos-unstable",
        "repo": "nixpkgs",
        "type": "github"
      }
    },
    "nixpkgs-stable": {
      "locked": {
        "lastModified": 1696039360,
        "narHash": "sha256-g7nIUV4uq1TOVeVIDEZLb005suTWCUjSY0zYOlSBsyE=",
        "owner": "NixOS",
        "repo": "nixpkgs",
        "rev": "32dcb45f66c0487e92db8303a798ebc548cadedc",
        "type": "github"
      },
      "original": {
        "owner": "NixOS",
        "ref": "nixos-23.05",
        "repo": "nixpkgs",
        "type": "github"
      }
    },
    "noice-nvim": {
      "flake": false,
      "locked": {
        "lastModified": 1695630605,
        "narHash": "sha256-CcoRTC6xSF2LCxMTsLeSa3ruk6dW/Qt3ypSnV0Mi/1g=",
        "owner": "folke",
        "repo": "noice.nvim",
        "rev": "396f9146529130904e07c45e90ecdbfa607534f3",
        "type": "github"
      },
      "original": {
        "owner": "folke",
        "repo": "noice.nvim",
        "type": "github"
      }
    },
    "nvim-cmp": {
      "flake": false,
      "locked": {
        "lastModified": 1693063902,
        "narHash": "sha256-WGck3By9GhnBUmzLGi2wnKjDreQx5kBOmHCbC5BZhfo=",
        "owner": "hrsh7th",
        "repo": "nvim-cmp",
        "rev": "5dce1b778b85c717f6614e3f4da45e9f19f54435",
        "type": "github"
      },
      "original": {
        "owner": "hrsh7th",
        "repo": "nvim-cmp",
        "type": "github"
      }
    },
    "nvim-lspconfig": {
      "flake": false,
      "locked": {
        "lastModified": 1695901832,
        "narHash": "sha256-vgn0nxavAgnq6c+NKDDo7ArSfbCYZnWtbD6JPstq6R8=",
        "owner": "neovim",
        "repo": "nvim-lspconfig",
        "rev": "68b23c06132cb1ef8d5690111c112388fbcf1c30",
        "type": "github"
      },
      "original": {
        "owner": "neovim",
        "repo": "nvim-lspconfig",
        "type": "github"
      }
    },
    "nvim-treesitter-context": {
      "flake": false,
      "locked": {
        "lastModified": 1696153803,
        "narHash": "sha256-2sKjcayX57G4jIegY1PiPSA3WB3YRr9Vvf8ABb6PzfU=",
        "owner": "nvim-treesitter",
        "repo": "nvim-treesitter-context",
        "rev": "bc19b78e9c705d67be98d56e9fab96470af45f33",
        "type": "github"
      },
      "original": {
        "owner": "nvim-treesitter",
        "repo": "nvim-treesitter-context",
        "type": "github"
      }
    },
    "root": {
      "inputs": {
        "auto-save-nvim": "auto-save-nvim",
        "bufferline-nvim": "bufferline-nvim",
        "comment-nvim": "comment-nvim",
        "darwin": "darwin",
        "doomemacs": "doomemacs",
        "emacs-overlay": "emacs-overlay",
        "fenix": "fenix",
        "home-manager": "home-manager",
        "mkAlias": "mkAlias",
        "neo-tree-nvim": "neo-tree-nvim",
        "neoscroll-nvim": "neoscroll-nvim",
        "nix-index-db": "nix-index-db",
        "nixd": "nixd",
        "nixpkgs": "nixpkgs",
        "noice-nvim": "noice-nvim",
        "nvim-cmp": "nvim-cmp",
        "nvim-lspconfig": "nvim-lspconfig",
        "nvim-treesitter-context": "nvim-treesitter-context",
        "rust-tools-nvim": "rust-tools-nvim",
        "telescope-nvim": "telescope-nvim",
        "twilight-nvim": "twilight-nvim",
        "which-key-nvim": "which-key-nvim"
      }
    },
    "rust-analyzer-src": {
      "flake": false,
      "locked": {
        "lastModified": 1695834317,
        "narHash": "sha256-UNIrnTUD3c4LZ/3n3bdUhFhIL3PmVulrDteFFbQqEoE=",
        "owner": "rust-lang",
        "repo": "rust-analyzer",
        "rev": "f93b6acb7ff149c8dda6d444a9b32ea9240af382",
        "type": "github"
      },
      "original": {
        "owner": "rust-lang",
        "ref": "nightly",
        "repo": "rust-analyzer",
        "type": "github"
      }
    },
    "rust-tools-nvim": {
      "flake": false,
      "locked": {
        "lastModified": 1689033186,
        "narHash": "sha256-jtfyDxifchznUupLSao6nmpVqaX1yO0xN+NhqS9fgxg=",
        "owner": "simrat39",
        "repo": "rust-tools.nvim",
        "rev": "0cc8adab23117783a0292a0c8a2fbed1005dc645",
        "type": "github"
      },
      "original": {
        "owner": "simrat39",
        "repo": "rust-tools.nvim",
        "type": "github"
      }
    },
    "systems": {
      "locked": {
        "lastModified": 1681028828,
        "narHash": "sha256-Vy1rq5AaRuLzOxct8nz4T6wlgyUR7zLU309k9mBC768=",
        "owner": "nix-systems",
        "repo": "default",
        "rev": "da67096a3b9bf56a91d16901293e51ba5b49a27e",
        "type": "github"
      },
      "original": {
        "owner": "nix-systems",
        "repo": "default",
        "type": "github"
      }
    },
    "telescope-nvim": {
      "flake": false,
      "locked": {
        "lastModified": 1695796462,
        "narHash": "sha256-ZNkDZLR3oHe/tkAOpWwN3CF5M+3xooYlUuBT2Hndauw=",
        "owner": "nvim-telescope",
        "repo": "telescope.nvim",
        "rev": "84d53dfdbefbdf84e861a288abc71ef8ccafd04e",
        "type": "github"
      },
      "original": {
        "owner": "nvim-telescope",
        "repo": "telescope.nvim",
        "type": "github"
      }
    },
    "twilight-nvim": {
      "flake": false,
      "locked": {
        "lastModified": 1695631985,
        "narHash": "sha256-WFE8FZU8E8i6mX9bFl80YkIypGXOOhKvGbLrBoPce0g=",
        "owner": "folke",
        "repo": "twilight.nvim",
        "rev": "8b7b50c0cb2dc781b2f4262a5ddd57571556d1e4",
        "type": "github"
      },
      "original": {
        "owner": "folke",
        "repo": "twilight.nvim",
        "type": "github"
      }
    },
    "which-key-nvim": {
      "flake": false,
      "locked": {
        "lastModified": 1690570286,
        "narHash": "sha256-B1+EHd2eH/EbD5Kip9PfhdPyyGfIkD6rsx0Z3rXvb5w=",
        "owner": "folke",
        "repo": "which-key.nvim",
        "rev": "7ccf476ebe0445a741b64e36c78a682c1c6118b7",
        "type": "github"
      },
      "original": {
        "owner": "folke",
        "repo": "which-key.nvim",
        "type": "github"
      }
    }
  },
  "root": "root",
  "version": 7
}
