{
  "nodes": {
    "auto-save-nvim": {
      "flake": false,
      "locked": {
        "lastModified": 1690468246,
        "narHash": "sha256-spPP5ShnPYhveLqpp9FfOBl7kEVLskLbgpmf/QqUEAM=",
        "owner": "okuuva",
        "repo": "auto-save.nvim",
        "rev": "610e72307d675fcc15098c5a435ad89e45aaf855",
        "type": "github"
      },
      "original": {
        "owner": "okuuva",
        "repo": "auto-save.nvim",
        "type": "github"
      }
    },
    "copilot-lua": {
      "flake": false,
      "locked": {
        "lastModified": 1695274805,
        "narHash": "sha256-UqdPuLf8EPG3aGqj0yk9lTxkDUOdoEc9CRbINJZFcyg=",
        "owner": "zbirenbaum",
        "repo": "copilot.lua",
        "rev": "1a8032ae496916ccc7a7a52ee79194fbef29f462",
        "type": "github"
      },
      "original": {
        "owner": "zbirenbaum",
        "repo": "copilot.lua",
        "type": "github"
      }
    },
    "darwin": {
      "inputs": {
        "nixpkgs": [
          "nixpkgs"
        ]
      },
      "locked": {
        "lastModified": 1694810318,
        "narHash": "sha256-LuvrVj2oj9TzdnnwtQUClqcXjpgwCP01FFVBM7azGV8=",
        "owner": "LnL7",
        "repo": "nix-darwin",
        "rev": "80bb201f4925cdda5a7a3c7b1900fb26bb2af2e8",
        "type": "github"
      },
      "original": {
        "owner": "LnL7",
        "repo": "nix-darwin",
        "type": "github"
      }
    },
    "home-manager": {
      "inputs": {
        "nixpkgs": [
          "nixpkgs"
        ]
      },
      "locked": {
        "lastModified": 1695043542,
        "narHash": "sha256-uUoftoffo9F+tLpepz99M5Z9dTPAiBy5EjYRScaNO1o=",
        "owner": "nix-community",
        "repo": "home-manager",
        "rev": "e63a6b34792884bfe4056d1ef561b5611589b8ad",
        "type": "github"
      },
      "original": {
        "owner": "nix-community",
        "repo": "home-manager",
        "type": "github"
      }
    },
    "mkAlias": {
      "inputs": {
        "nixpkgs": [
          "nixpkgs"
        ]
      },
      "locked": {
        "lastModified": 1678761502,
        "narHash": "sha256-tL3C/b2BPOGQpV287wECDCDWmKwwPvezAAN3qz7N07M=",
        "owner": "reckenrode",
        "repo": "mkAlias",
        "rev": "8a5478cdb646f137ebc53cb9d235f8e5892ea00a",
        "type": "github"
      },
      "original": {
        "owner": "reckenrode",
        "repo": "mkAlias",
        "type": "github"
      }
    },
    "nix-index-db": {
      "inputs": {
        "nixpkgs": [
          "nixpkgs"
        ]
      },
      "locked": {
        "lastModified": 1694921880,
        "narHash": "sha256-yU36cs5UdzhTwsM9bUWUz43N//ELzQ1ro69C07pU/8E=",
        "owner": "Mic92",
        "repo": "nix-index-database",
        "rev": "9d2bcc47110b3b6217dfebd6761ba20bc78aedf2",
        "type": "github"
      },
      "original": {
        "owner": "Mic92",
        "repo": "nix-index-database",
        "type": "github"
      }
    },
    "nixpkgs": {
      "locked": {
        "lastModified": 1694948089,
        "narHash": "sha256-d2B282GmQ9o8klc22/Rbbbj6r99EnELQpOQjWMyv0rU=",
        "owner": "nixos",
        "repo": "nixpkgs",
        "rev": "5148520bfab61f99fd25fb9ff7bfbb50dad3c9db",
        "type": "github"
      },
      "original": {
        "owner": "nixos",
        "ref": "nixpkgs-unstable",
        "repo": "nixpkgs",
        "type": "github"
      }
    },
    "nvim-tree-lua": {
      "flake": false,
      "locked": {
        "lastModified": 1695716495,
        "narHash": "sha256-Fkchn7UuIHPmVFFrx1kzsE2lviJrAFAe9tHu73HnS/w=",
        "owner": "nvim-tree",
        "repo": "nvim-tree.lua",
        "rev": "934469b9b6df369e198fb3016969e56393b0dc07",
        "type": "github"
      },
      "original": {
        "owner": "nvim-tree",
        "repo": "nvim-tree.lua",
        "type": "github"
      }
    },
    "root": {
      "inputs": {
        "auto-save-nvim": "auto-save-nvim",
        "copilot-lua": "copilot-lua",
        "darwin": "darwin",
        "home-manager": "home-manager",
        "mkAlias": "mkAlias",
        "nix-index-db": "nix-index-db",
        "nixpkgs": "nixpkgs",
        "nvim-tree-lua": "nvim-tree-lua"
      }
    }
  },
  "root": "root",
  "version": 7
}
